
Microsoft Visual Studio Solution File, Format Version 12.00
# Visual Studio Version 17
VisualStudioVersion = 17.7.34202.233
MinimumVisualStudioVersion = 10.0.40219.1
Project("{FAE04EC0-301F-11D3-BF4B-00C04F79EFBC}") = "CurrencyConverter", "CurrencyConverter\CurrencyConverter.csproj", "{DC182A27-B3D5-4686-8F74-F61D0A5E1E6B}"
EndProject
Project("{FAE04EC0-301F-11D3-BF4B-00C04F79EFBC}") = "CurrencyConverter.Spec", "CurrencyConverter.Spec\CurrencyConverter.Spec.csproj", "{2FF27D68-2985-4E9E-BC47-DABD0A98355B}"
EndProject
Global
	GlobalSection(SolutionConfigurationPlatforms) = preSolution
		Debug|Any CPU = Debug|Any CPU
		Release|Any CPU = Release|Any CPU
	EndGlobalSection
	GlobalSection(ProjectConfigurationPlatforms) = postSolution
		{DC182A27-B3D5-4686-8F74-F61D0A5E1E6B}.Debug|Any CPU.ActiveCfg = Debug|Any CPU
		{DC182A27-B3D5-4686-8F74-F61D0A5E1E6B}.Debug|Any CPU.Build.0 = Debug|Any CPU
		{DC182A27-B3D5-4686-8F74-F61D0A5E1E6B}.Release|Any CPU.ActiveCfg = Release|Any CPU
		{DC182A27-B3D5-4686-8F74-F61D0A5E1E6B}.Release|Any CPU.Build.0 = Release|Any CPU
		{2FF27D68-2985-4E9E-BC47-DABD0A98355B}.Debug|Any CPU.ActiveCfg = Debug|Any CPU
		{2FF27D68-2985-4E9E-BC47-DABD0A98355B}.Debug|Any CPU.Build.0 = Debug|Any CPU
		{2FF27D68-2985-4E9E-BC47-DABD0A98355B}.Release|Any CPU.ActiveCfg = Release|Any CPU
		{2FF27D68-2985-4E9E-BC47-DABD0A98355B}.Release|Any CPU.Build.0 = Release|Any CPU
	EndGlobalSection
	GlobalSection(SolutionProperties) = preSolution
		HideSolutionNode = FALSE
	EndGlobalSection
	GlobalSection(ExtensibilityGlobals) = postSolution
		SolutionGuid = {F39B8B18-218D-4871-A6D5-ED18D3649CB4}
	EndGlobalSection
EndGlobal
